// !$*UTF8*$!
{
	archiveVersion = 1;
	classes = {
	};
	objectVersion = 55;
	objects = {

/* Begin PBXBuildFile section */
		CE7AF269280EE1D9007CC1BE /* AppDelegate.swift in Sources */ = {isa = PBXBuildFile; fileRef = CE7AF268280EE1D9007CC1BE /* AppDelegate.swift */; };
		CE7AF26B280EE1D9007CC1BE /* SceneDelegate.swift in Sources */ = {isa = PBXBuildFile; fileRef = CE7AF26A280EE1D9007CC1BE /* SceneDelegate.swift */; };
		CE7AF26D280EE1D9007CC1BE /* ViewController.swift in Sources */ = {isa = PBXBuildFile; fileRef = CE7AF26C280EE1D9007CC1BE /* ViewController.swift */; };
		CE7AF270280EE1D9007CC1BE /* Main.storyboard in Resources */ = {isa = PBXBuildFile; fileRef = CE7AF26E280EE1D9007CC1BE /* Main.storyboard */; };
		CE7AF272280EE1DA007CC1BE /* Assets.xcassets in Resources */ = {isa = PBXBuildFile; fileRef = CE7AF271280EE1DA007CC1BE /* Assets.xcassets */; };
		CE7AF275280EE1DA007CC1BE /* LaunchScreen.storyboard in Resources */ = {isa = PBXBuildFile; fileRef = CE7AF273280EE1DA007CC1BE /* LaunchScreen.storyboard */; };
		CE7AF27E280EE3ED007CC1BE /* Lokalise.xcframework in Frameworks */ = {isa = PBXBuildFile; fileRef = CE7AF27D280EE3ED007CC1BE /* Lokalise.xcframework */; };
		CE7AF27F280EE3ED007CC1BE /* Lokalise.xcframework in Embed Frameworks */ = {isa = PBXBuildFile; fileRef = CE7AF27D280EE3ED007CC1BE /* Lokalise.xcframework */; settings = {ATTRIBUTES = (CodeSignOnCopy, RemoveHeadersOnCopy, ); }; };
		CEC5D91A2810288200B426F8 /* Localizable.strings in Resources */ = {isa = PBXBuildFile; fileRef = CEC5D91C2810288200B426F8 /* Localizable.strings */; };
		F8DBCB15EE3EAA83C6391565 /* Pods_Testing_Lokalise.framework in Frameworks */ = {isa = PBXBuildFile; fileRef = 4D42B33F70C89190F3C2531A /* Pods_Testing_Lokalise.framework */; };
/* End PBXBuildFile section */

/* Begin PBXCopyFilesBuildPhase section */
		CE7AF280280EE3ED007CC1BE /* Embed Frameworks */ = {
			isa = PBXCopyFilesBuildPhase;
			buildActionMask = 2147483647;
			dstPath = "";
			dstSubfolderSpec = 10;
			files = (
				CE7AF27F280EE3ED007CC1BE /* Lokalise.xcframework in Embed Frameworks */,
			);
			name = "Embed Frameworks";
			runOnlyForDeploymentPostprocessing = 0;
		};
/* End PBXCopyFilesBuildPhase section */

/* Begin PBXFileReference section */
		3FA22562A623014A2DF85E32 /* Pods-Testing_Lokalise.release.xcconfig */ = {isa = PBXFileReference; includeInIndex = 1; lastKnownFileType = text.xcconfig; name = "Pods-Testing_Lokalise.release.xcconfig"; path = "Target Support Files/Pods-Testing_Lokalise/Pods-Testing_Lokalise.release.xcconfig"; sourceTree = "<group>"; };
		4D42B33F70C89190F3C2531A /* Pods_Testing_Lokalise.framework */ = {isa = PBXFileReference; explicitFileType = wrapper.framework; includeInIndex = 0; path = Pods_Testing_Lokalise.framework; sourceTree = BUILT_PRODUCTS_DIR; };
		5E200F17D536F01AF259E62D /* Pods-Testing_Lokalise.debug.xcconfig */ = {isa = PBXFileReference; includeInIndex = 1; lastKnownFileType = text.xcconfig; name = "Pods-Testing_Lokalise.debug.xcconfig"; path = "Target Support Files/Pods-Testing_Lokalise/Pods-Testing_Lokalise.debug.xcconfig"; sourceTree = "<group>"; };
		CE7AF265280EE1D9007CC1BE /* Testing_Lokalise.app */ = {isa = PBXFileReference; explicitFileType = wrapper.application; includeInIndex = 0; path = Testing_Lokalise.app; sourceTree = BUILT_PRODUCTS_DIR; };
		CE7AF268280EE1D9007CC1BE /* AppDelegate.swift */ = {isa = PBXFileReference; lastKnownFileType = sourcecode.swift; path = AppDelegate.swift; sourceTree = "<group>"; };
		CE7AF26A280EE1D9007CC1BE /* SceneDelegate.swift */ = {isa = PBXFileReference; lastKnownFileType = sourcecode.swift; path = SceneDelegate.swift; sourceTree = "<group>"; };
		CE7AF26C280EE1D9007CC1BE /* ViewController.swift */ = {isa = PBXFileReference; lastKnownFileType = sourcecode.swift; path = ViewController.swift; sourceTree = "<group>"; };
		CE7AF26F280EE1D9007CC1BE /* Base */ = {isa = PBXFileReference; lastKnownFileType = file.storyboard; name = Base; path = Base.lproj/Main.storyboard; sourceTree = "<group>"; };
		CE7AF271280EE1DA007CC1BE /* Assets.xcassets */ = {isa = PBXFileReference; lastKnownFileType = folder.assetcatalog; path = Assets.xcassets; sourceTree = "<group>"; };
		CE7AF274280EE1DA007CC1BE /* Base */ = {isa = PBXFileReference; lastKnownFileType = file.storyboard; name = Base; path = Base.lproj/LaunchScreen.storyboard; sourceTree = "<group>"; };
		CE7AF276280EE1DA007CC1BE /* Info.plist */ = {isa = PBXFileReference; lastKnownFileType = text.plist.xml; path = Info.plist; sourceTree = "<group>"; };
		CE7AF27D280EE3ED007CC1BE /* Lokalise.xcframework */ = {isa = PBXFileReference; lastKnownFileType = wrapper.xcframework; name = Lokalise.xcframework; path = ../../../Downloads/Lokalise.xcframework; sourceTree = "<group>"; };
		CEC5D912280FEDA500B426F8 /* de */ = {isa = PBXFileReference; lastKnownFileType = text.plist.strings; name = de; path = de.lproj/Main.strings; sourceTree = "<group>"; };
		CEC5D913280FEDA500B426F8 /* de */ = {isa = PBXFileReference; lastKnownFileType = text.plist.strings; name = de; path = de.lproj/LaunchScreen.strings; sourceTree = "<group>"; };
		CEC5D915280FEDAE00B426F8 /* ru */ = {isa = PBXFileReference; lastKnownFileType = text.plist.strings; name = ru; path = ru.lproj/Main.strings; sourceTree = "<group>"; };
		CEC5D916280FEDAE00B426F8 /* ru */ = {isa = PBXFileReference; lastKnownFileType = text.plist.strings; name = ru; path = ru.lproj/LaunchScreen.strings; sourceTree = "<group>"; };
		CEC5D91B2810288200B426F8 /* en */ = {isa = PBXFileReference; lastKnownFileType = text.plist.strings; name = en; path = en.lproj/Localizable.strings; sourceTree = "<group>"; };
		CEC5D91D2810288300B426F8 /* de */ = {isa = PBXFileReference; lastKnownFileType = text.plist.strings; name = de; path = de.lproj/Localizable.strings; sourceTree = "<group>"; };
		CEC5D91E2810288400B426F8 /* ru */ = {isa = PBXFileReference; lastKnownFileType = text.plist.strings; name = ru; path = ru.lproj/Localizable.strings; sourceTree = "<group>"; };
/* End PBXFileReference section */

/* Begin PBXFrameworksBuildPhase section */
		CE7AF262280EE1D9007CC1BE /* Frameworks */ = {
			isa = PBXFrameworksBuildPhase;
			buildActionMask = 2147483647;
			files = (
				CE7AF27E280EE3ED007CC1BE /* Lokalise.xcframework in Frameworks */,
				F8DBCB15EE3EAA83C6391565 /* Pods_Testing_Lokalise.framework in Frameworks */,
			);
			runOnlyForDeploymentPostprocessing = 0;
		};
/* End PBXFrameworksBuildPhase section */

/* Begin PBXGroup section */
		4A1D79D0425398087EC78777 /* Pods */ = {
			isa = PBXGroup;
			children = (
				5E200F17D536F01AF259E62D /* Pods-Testing_Lokalise.debug.xcconfig */,
				3FA22562A623014A2DF85E32 /* Pods-Testing_Lokalise.release.xcconfig */,
			);
			path = Pods;
			sourceTree = "<group>";
		};
		CE7AF25C280EE1D9007CC1BE = {
			isa = PBXGroup;
			children = (
				CE7AF267280EE1D9007CC1BE /* Testing_Lokalise */,
				CE7AF266280EE1D9007CC1BE /* Products */,
				CE7AF27C280EE3EC007CC1BE /* Frameworks */,
				4A1D79D0425398087EC78777 /* Pods */,
			);
			sourceTree = "<group>";
		};
		CE7AF266280EE1D9007CC1BE /* Products */ = {
			isa = PBXGroup;
			children = (
				CE7AF265280EE1D9007CC1BE /* Testing_Lokalise.app */,
			);
			name = Products;
			sourceTree = "<group>";
		};
		CE7AF267280EE1D9007CC1BE /* Testing_Lokalise */ = {
			isa = PBXGroup;
			children = (
				CEC5D91C2810288200B426F8 /* Localizable.strings */,
				CE7AF268280EE1D9007CC1BE /* AppDelegate.swift */,
				CE7AF26A280EE1D9007CC1BE /* SceneDelegate.swift */,
				CE7AF26C280EE1D9007CC1BE /* ViewController.swift */,
				CE7AF26E280EE1D9007CC1BE /* Main.storyboard */,
				CE7AF271280EE1DA007CC1BE /* Assets.xcassets */,
				CE7AF273280EE1DA007CC1BE /* LaunchScreen.storyboard */,
				CE7AF276280EE1DA007CC1BE /* Info.plist */,
			);
			path = Testing_Lokalise;
			sourceTree = "<group>";
		};
		CE7AF27C280EE3EC007CC1BE /* Frameworks */ = {
			isa = PBXGroup;
			children = (
				CE7AF27D280EE3ED007CC1BE /* Lokalise.xcframework */,
				4D42B33F70C89190F3C2531A /* Pods_Testing_Lokalise.framework */,
			);
			name = Frameworks;
			sourceTree = "<group>";
		};
/* End PBXGroup section */

/* Begin PBXNativeTarget section */
		CE7AF264280EE1D9007CC1BE /* Testing_Lokalise */ = {
			isa = PBXNativeTarget;
			buildConfigurationList = CE7AF279280EE1DA007CC1BE /* Build configuration list for PBXNativeTarget "Testing_Lokalise" */;
			buildPhases = (
				6EF5C65D8061F3CD6C8F0483 /* [CP] Check Pods Manifest.lock */,
				CE7AF261280EE1D9007CC1BE /* Sources */,
				CE7AF262280EE1D9007CC1BE /* Frameworks */,
				CE7AF263280EE1D9007CC1BE /* Resources */,
				CE7AF280280EE3ED007CC1BE /* Embed Frameworks */,
			);
			buildRules = (
			);
			dependencies = (
			);
			name = Testing_Lokalise;
			productName = Testing_Lokalise;
			productReference = CE7AF265280EE1D9007CC1BE /* Testing_Lokalise.app */;
			productType = "com.apple.product-type.application";
		};
/* End PBXNativeTarget section */

/* Begin PBXProject section */
		CE7AF25D280EE1D9007CC1BE /* Project object */ = {
			isa = PBXProject;
			attributes = {
				BuildIndependentTargetsInParallel = 1;
				LastSwiftUpdateCheck = 1320;
				LastUpgradeCheck = 1320;
				TargetAttributes = {
					CE7AF264280EE1D9007CC1BE = {
						CreatedOnToolsVersion = 13.2.1;
					};
				};
			};
			buildConfigurationList = CE7AF260280EE1D9007CC1BE /* Build configuration list for PBXProject "Testing_Lokalise" */;
			compatibilityVersion = "Xcode 13.0";
			developmentRegion = en;
			hasScannedForEncodings = 0;
			knownRegions = (
				en,
				Base,
				de,
				ru,
			);
			mainGroup = CE7AF25C280EE1D9007CC1BE;
			productRefGroup = CE7AF266280EE1D9007CC1BE /* Products */;
			projectDirPath = "";
			projectRoot = "";
			targets = (
				CE7AF264280EE1D9007CC1BE /* Testing_Lokalise */,
			);
		};
/* End PBXProject section */

/* Begin PBXResourcesBuildPhase section */
		CE7AF263280EE1D9007CC1BE /* Resources */ = {
			isa = PBXResourcesBuildPhase;
			buildActionMask = 2147483647;
			files = (
				CE7AF275280EE1DA007CC1BE /* LaunchScreen.storyboard in Resources */,
				CEC5D91A2810288200B426F8 /* Localizable.strings in Resources */,
				CE7AF272280EE1DA007CC1BE /* Assets.xcassets in Resources */,
				CE7AF270280EE1D9007CC1BE /* Main.storyboard in Resources */,
			);
			runOnlyForDeploymentPostprocessing = 0;
		};
/* End PBXResourcesBuildPhase section */

/* Begin PBXShellScriptBuildPhase section */
		6EF5C65D8061F3CD6C8F0483 /* [CP] Check Pods Manifest.lock */ = {
			isa = PBXShellScriptBuildPhase;
			buildActionMask = 2147483647;
			files = (
			);
			inputFileListPaths = (
			);
			inputPaths = (
				"${PODS_PODFILE_DIR_PATH}/Podfile.lock",
				"${PODS_ROOT}/Manifest.lock",
			);
			name = "[CP] Check Pods Manifest.lock";
			outputFileListPaths = (
			);
			outputPaths = (
				"$(DERIVED_FILE_DIR)/Pods-Testing_Lokalise-checkManifestLockResult.txt",
			);
			runOnlyForDeploymentPostprocessing = 0;
			shellPath = /bin/sh;
			shellScript = "diff \"${PODS_PODFILE_DIR_PATH}/Podfile.lock\" \"${PODS_ROOT}/Manifest.lock\" > /dev/null\nif [ $? != 0 ] ; then\n    # print error to STDERR\n    echo \"error: The sandbox is not in sync with the Podfile.lock. Run 'pod install' or update your CocoaPods installation.\" >&2\n    exit 1\nfi\n# This output is used by Xcode 'outputs' to avoid re-running this script phase.\necho \"SUCCESS\" > \"${SCRIPT_OUTPUT_FILE_0}\"\n";
			showEnvVarsInLog = 0;
		};
/* End PBXShellScriptBuildPhase section */

/* Begin PBXSourcesBuildPhase section */
		CE7AF261280EE1D9007CC1BE /* Sources */ = {
			isa = PBXSourcesBuildPhase;
			buildActionMask = 2147483647;
			files = (
				CE7AF26D280EE1D9007CC1BE /* ViewController.swift in Sources */,
				CE7AF269280EE1D9007CC1BE /* AppDelegate.swift in Sources */,
				CE7AF26B280EE1D9007CC1BE /* SceneDelegate.swift in Sources */,
			);
			runOnlyForDeploymentPostprocessing = 0;
		};
/* End PBXSourcesBuildPhase section */

/* Begin PBXVariantGroup section */
		CE7AF26E280EE1D9007CC1BE /* Main.storyboard */ = {
			isa = PBXVariantGroup;
			children = (
				CE7AF26F280EE1D9007CC1BE /* Base */,
				CEC5D912280FEDA500B426F8 /* de */,
				CEC5D915280FEDAE00B426F8 /* ru */,
			);
			name = Main.storyboard;
			sourceTree = "<group>";
		};
		CE7AF273280EE1DA007CC1BE /* LaunchScreen.storyboard */ = {
			isa = PBXVariantGroup;
			children = (
				CE7AF274280EE1DA007CC1BE /* Base */,
				CEC5D913280FEDA500B426F8 /* de */,
				CEC5D916280FEDAE00B426F8 /* ru */,
			);
			name = LaunchScreen.storyboard;
			sourceTree = "<group>";
		};
		CEC5D91C2810288200B426F8 /* Localizable.strings */ = {
			isa = PBXVariantGroup;
			children = (
				CEC5D91B2810288200B426F8 /* en */,
				CEC5D91D2810288300B426F8 /* de */,
				CEC5D91E2810288400B426F8 /* ru */,
			);
			name = Localizable.strings;
			sourceTree = "<group>";
		};
/* End PBXVariantGroup section */

/* Begin XCBuildConfiguration section */
		CE7AF277280EE1DA007CC1BE /* Debug */ = {
			isa = XCBuildConfiguration;
			buildSettings = {
				ALWAYS_SEARCH_USER_PATHS = NO;
				CLANG_ANALYZER_LOCALIZABILITY_NONLOCALIZED = YES;
				CLANG_ANALYZER_NONNULL = YES;
				CLANG_ANALYZER_NUMBER_OBJECT_CONVERSION = YES_AGGRESSIVE;
				CLANG_CXX_LANGUAGE_STANDARD = "gnu++17";
				CLANG_CXX_LIBRARY = "libc++";
				CLANG_ENABLE_MODULES = YES;
				CLANG_ENABLE_OBJC_ARC = YES;
				CLANG_ENABLE_OBJC_WEAK = YES;
				CLANG_WARN_BLOCK_CAPTURE_AUTORELEASING = YES;
				CLANG_WARN_BOOL_CONVERSION = YES;
				CLANG_WARN_COMMA = YES;
				CLANG_WARN_CONSTANT_CONVERSION = YES;
				CLANG_WARN_DEPRECATED_OBJC_IMPLEMENTATIONS = YES;
				CLANG_WARN_DIRECT_OBJC_ISA_USAGE = YES_ERROR;
				CLANG_WARN_DOCUMENTATION_COMMENTS = YES;
				CLANG_WARN_EMPTY_BODY = YES;
				CLANG_WARN_ENUM_CONVERSION = YES;
				CLANG_WARN_INFINITE_RECURSION = YES;
				CLANG_WARN_INT_CONVERSION = YES;
				CLANG_WARN_NON_LITERAL_NULL_CONVERSION = YES;
				CLANG_WARN_OBJC_IMPLICIT_RETAIN_SELF = YES;
				CLANG_WARN_OBJC_LITERAL_CONVERSION = YES;
				CLANG_WARN_OBJC_ROOT_CLASS = YES_ERROR;
				CLANG_WARN_QUOTED_INCLUDE_IN_FRAMEWORK_HEADER = YES;
				CLANG_WARN_RANGE_LOOP_ANALYSIS = YES;
				CLANG_WARN_STRICT_PROTOTYPES = YES;
				CLANG_WARN_SUSPICIOUS_MOVE = YES;
				CLANG_WARN_UNGUARDED_AVAILABILITY = YES_AGGRESSIVE;
				CLANG_WARN_UNREACHABLE_CODE = YES;
				CLANG_WARN__DUPLICATE_METHOD_MATCH = YES;
				COPY_PHASE_STRIP = NO;
				DEBUG_INFORMATION_FORMAT = dwarf;
				ENABLE_STRICT_OBJC_MSGSEND = YES;
				ENABLE_TESTABILITY = YES;
				GCC_C_LANGUAGE_STANDARD = gnu11;
				GCC_DYNAMIC_NO_PIC = NO;
				GCC_NO_COMMON_BLOCKS = YES;
				GCC_OPTIMIZATION_LEVEL = 0;
				GCC_PREPROCESSOR_DEFINITIONS = (
					"DEBUG=1",
					"$(inherited)",
				);
				GCC_WARN_64_TO_32_BIT_CONVERSION = YES;
				GCC_WARN_ABOUT_RETURN_TYPE = YES_ERROR;
				GCC_WARN_UNDECLARED_SELECTOR = YES;
				GCC_WARN_UNINITIALIZED_AUTOS = YES_AGGRESSIVE;
				GCC_WARN_UNUSED_FUNCTION = YES;
				GCC_WARN_UNUSED_VARIABLE = YES;
				IPHONEOS_DEPLOYMENT_TARGET = 15.2;
				MTL_ENABLE_DEBUG_INFO = INCLUDE_SOURCE;
				MTL_FAST_MATH = YES;
				ONLY_ACTIVE_ARCH = YES;
				SDKROOT = iphoneos;
				SWIFT_ACTIVE_COMPILATION_CONDITIONS = DEBUG;
				SWIFT_OPTIMIZATION_LEVEL = "-Onone";
			};
			name = Debug;
		};
		CE7AF278280EE1DA007CC1BE /* Release */ = {
			isa = XCBuildConfiguration;
			buildSettings = {
				ALWAYS_SEARCH_USER_PATHS = NO;
				CLANG_ANALYZER_LOCALIZABILITY_NONLOCALIZED = YES;
				CLANG_ANALYZER_NONNULL = YES;
				CLANG_ANALYZER_NUMBER_OBJECT_CONVERSION = YES_AGGRESSIVE;
				CLANG_CXX_LANGUAGE_STANDARD = "gnu++17";
				CLANG_CXX_LIBRARY = "libc++";
				CLANG_ENABLE_MODULES = YES;
				CLANG_ENABLE_OBJC_ARC = YES;
				CLANG_ENABLE_OBJC_WEAK = YES;
				CLANG_WARN_BLOCK_CAPTURE_AUTORELEASING = YES;
				CLANG_WARN_BOOL_CONVERSION = YES;
				CLANG_WARN_COMMA = YES;
				CLANG_WARN_CONSTANT_CONVERSION = YES;
				CLANG_WARN_DEPRECATED_OBJC_IMPLEMENTATIONS = YES;
				CLANG_WARN_DIRECT_OBJC_ISA_USAGE = YES_ERROR;
				CLANG_WARN_DOCUMENTATION_COMMENTS = YES;
				CLANG_WARN_EMPTY_BODY = YES;
				CLANG_WARN_ENUM_CONVERSION = YES;
				CLANG_WARN_INFINITE_RECURSION = YES;
				CLANG_WARN_INT_CONVERSION = YES;
				CLANG_WARN_NON_LITERAL_NULL_CONVERSION = YES;
				CLANG_WARN_OBJC_IMPLICIT_RETAIN_SELF = YES;
				CLANG_WARN_OBJC_LITERAL_CONVERSION = YES;
				CLANG_WARN_OBJC_ROOT_CLASS = YES_ERROR;
				CLANG_WARN_QUOTED_INCLUDE_IN_FRAMEWORK_HEADER = YES;
				CLANG_WARN_RANGE_LOOP_ANALYSIS = YES;
				CLANG_WARN_STRICT_PROTOTYPES = YES;
				CLANG_WARN_SUSPICIOUS_MOVE = YES;
				CLANG_WARN_UNGUARDED_AVAILABILITY = YES_AGGRESSIVE;
				CLANG_WARN_UNREACHABLE_CODE = YES;
				CLANG_WARN__DUPLICATE_METHOD_MATCH = YES;
				COPY_PHASE_STRIP = NO;
				DEBUG_INFORMATION_FORMAT = "dwarf-with-dsym";
				ENABLE_NS_ASSERTIONS = NO;
				ENABLE_STRICT_OBJC_MSGSEND = YES;
				GCC_C_LANGUAGE_STANDARD = gnu11;
				GCC_NO_COMMON_BLOCKS = YES;
				GCC_WARN_64_TO_32_BIT_CONVERSION = YES;
				GCC_WARN_ABOUT_RETURN_TYPE = YES_ERROR;
				GCC_WARN_UNDECLARED_SELECTOR = YES;
				GCC_WARN_UNINITIALIZED_AUTOS = YES_AGGRESSIVE;
				GCC_WARN_UNUSED_FUNCTION = YES;
				GCC_WARN_UNUSED_VARIABLE = YES;
				IPHONEOS_DEPLOYMENT_TARGET = 15.2;
				MTL_ENABLE_DEBUG_INFO = NO;
				MTL_FAST_MATH = YES;
				SDKROOT = iphoneos;
				SWIFT_COMPILATION_MODE = wholemodule;
				SWIFT_OPTIMIZATION_LEVEL = "-O";
				VALIDATE_PRODUCT = YES;
			};
			name = Release;
		};
		CE7AF27A280EE1DA007CC1BE /* Debug */ = {
			isa = XCBuildConfiguration;
			baseConfigurationReference = 5E200F17D536F01AF259E62D /* Pods-Testing_Lokalise.debug.xcconfig */;
			buildSettings = {
				ASSETCATALOG_COMPILER_APPICON_NAME = AppIcon;
				ASSETCATALOG_COMPILER_GLOBAL_ACCENT_COLOR_NAME = AccentColor;
				CODE_SIGN_STYLE = Automatic;
				CURRENT_PROJECT_VERSION = 1;
				GENERATE_INFOPLIST_FILE = YES;
				INFOPLIST_FILE = Testing_Lokalise/Info.plist;
				INFOPLIST_KEY_UIApplicationSupportsIndirectInputEvents = YES;
				INFOPLIST_KEY_UILaunchStoryboardName = LaunchScreen;
				INFOPLIST_KEY_UIMainStoryboardFile = Main;
				INFOPLIST_KEY_UISupportedInterfaceOrientations_iPad = "UIInterfaceOrientationPortrait UIInterfaceOrientationPortraitUpsideDown UIInterfaceOrientationLandscapeLeft UIInterfaceOrientationLandscapeRight";
				INFOPLIST_KEY_UISupportedInterfaceOrientations_iPhone = "UIInterfaceOrientationPortrait UIInterfaceOrientationLandscapeLeft UIInterfaceOrientationLandscapeRight";
				IPHONEOS_DEPLOYMENT_TARGET = 15.2;
				LD_RUNPATH_SEARCH_PATHS = (
					"$(inherited)",
					"@executable_path/Frameworks",
				);
				MARKETING_VERSION = 1.0;
				PRODUCT_BUNDLE_IDENTIFIER = "TrendyolTestTaskUITests.Testing-Lokalise";
				PRODUCT_NAME = "$(TARGET_NAME)";
				SWIFT_EMIT_LOC_STRINGS = YES;
				SWIFT_VERSION = 5.0;
				TARGETED_DEVICE_FAMILY = "1,2";
			};
			name = Debug;
		};
		CE7AF27B280EE1DA007CC1BE /* Release */ = {
			isa = XCBuildConfiguration;
			baseConfigurationReference = 3FA22562A623014A2DF85E32 /* Pods-Testing_Lokalise.release.xcconfig */;
			buildSettings = {
				ASSETCATALOG_COMPILER_APPICON_NAME = AppIcon;
				ASSETCATALOG_COMPILER_GLOBAL_ACCENT_COLOR_NAME = AccentColor;
				CODE_SIGN_STYLE = Automatic;
				CURRENT_PROJECT_VERSION = 1;
				GENERATE_INFOPLIST_FILE = YES;
				INFOPLIST_FILE = Testing_Lokalise/Info.plist;
				INFOPLIST_KEY_UIApplicationSupportsIndirectInputEvents = YES;
				INFOPLIST_KEY_UILaunchStoryboardName = LaunchScreen;
				INFOPLIST_KEY_UIMainStoryboardFile = Main;
				INFOPLIST_KEY_UISupportedInterfaceOrientations_iPad = "UIInterfaceOrientationPortrait UIInterfaceOrientationPortraitUpsideDown UIInterfaceOrientationLandscapeLeft UIInterfaceOrientationLandscapeRight";
				INFOPLIST_KEY_UISupportedInterfaceOrientations_iPhone = "UIInterfaceOrientationPortrait UIInterfaceOrientationLandscapeLeft UIInterfaceOrientationLandscapeRight";
				IPHONEOS_DEPLOYMENT_TARGET = 15.2;
				LD_RUNPATH_SEARCH_PATHS = (
					"$(inherited)",
					"@executable_path/Frameworks",
				);
				MARKETING_VERSION = 1.0;
				PRODUCT_BUNDLE_IDENTIFIER = "TrendyolTestTaskUITests.Testing-Lokalise";
				PRODUCT_NAME = "$(TARGET_NAME)";
				SWIFT_EMIT_LOC_STRINGS = YES;
				SWIFT_VERSION = 5.0;
				TARGETED_DEVICE_FAMILY = "1,2";
			};
			name = Release;
		};
/* End XCBuildConfiguration section */

/* Begin XCConfigurationList section */
		CE7AF260280EE1D9007CC1BE /* Build configuration list for PBXProject "Testing_Lokalise" */ = {
			isa = XCConfigurationList;
			buildConfigurations = (
				CE7AF277280EE1DA007CC1BE /* Debug */,
				CE7AF278280EE1DA007CC1BE /* Release */,
			);
			defaultConfigurationIsVisible = 0;
			defaultConfigurationName = Release;
		};
		CE7AF279280EE1DA007CC1BE /* Build configuration list for PBXNativeTarget "Testing_Lokalise" */ = {
			isa = XCConfigurationList;
			buildConfigurations = (
				CE7AF27A280EE1DA007CC1BE /* Debug */,
				CE7AF27B280EE1DA007CC1BE /* Release */,
			);
			defaultConfigurationIsVisible = 0;
			defaultConfigurationName = Release;
		};
/* End XCConfigurationList section */
	};
	rootObject = CE7AF25D280EE1D9007CC1BE /* Project object */;
}
